
Microsoft Visual Studio Solution File, Format Version 12.00
# Visual Studio Version 17
VisualStudioVersion = 17.5.33516.290
MinimumVisualStudioVersion = 10.0.40219.1
Project("{FAE04EC0-301F-11D3-BF4B-00C04F79EFBC}") = "QCMS", "QCMS\QCMS.csproj", "{4142E97A-3652-42D2-98BF-E65EA16D3DC3}"
EndProject
Project("{FAE04EC0-301F-11D3-BF4B-00C04F79EFBC}") = "Entity", "Entity\Entity.csproj", "{A2951E81-AAD7-4904-9D5F-8C45385A24C2}"
EndProject
Project("{FAE04EC0-301F-11D3-BF4B-00C04F79EFBC}") = "Repository", "Repository\Repository.csproj", "{F0C242D9-E20F-4E4F-A218-DF4CA3B1CB7F}"
EndProject
Project("{FAE04EC0-301F-11D3-BF4B-00C04F79EFBC}") = "DAL", "DAL\DAL.csproj", "{E4F74B90-58B8-417F-A8FF-2A6DD2404757}"
EndProject
Global
	GlobalSection(SolutionConfigurationPlatforms) = preSolution
		Debug|Any CPU = Debug|Any CPU
		Release|Any CPU = Release|Any CPU
	EndGlobalSection
	GlobalSection(ProjectConfigurationPlatforms) = postSolution
		{4142E97A-3652-42D2-98BF-E65EA16D3DC3}.Debug|Any CPU.ActiveCfg = Debug|Any CPU
		{4142E97A-3652-42D2-98BF-E65EA16D3DC3}.Debug|Any CPU.Build.0 = Debug|Any CPU
		{4142E97A-3652-42D2-98BF-E65EA16D3DC3}.Release|Any CPU.ActiveCfg = Release|Any CPU
		{4142E97A-3652-42D2-98BF-E65EA16D3DC3}.Release|Any CPU.Build.0 = Release|Any CPU
		{A2951E81-AAD7-4904-9D5F-8C45385A24C2}.Debug|Any CPU.ActiveCfg = Debug|Any CPU
		{A2951E81-AAD7-4904-9D5F-8C45385A24C2}.Debug|Any CPU.Build.0 = Debug|Any CPU
		{A2951E81-AAD7-4904-9D5F-8C45385A24C2}.Release|Any CPU.ActiveCfg = Release|Any CPU
		{A2951E81-AAD7-4904-9D5F-8C45385A24C2}.Release|Any CPU.Build.0 = Release|Any CPU
		{F0C242D9-E20F-4E4F-A218-DF4CA3B1CB7F}.Debug|Any CPU.ActiveCfg = Debug|Any CPU
		{F0C242D9-E20F-4E4F-A218-DF4CA3B1CB7F}.Debug|Any CPU.Build.0 = Debug|Any CPU
		{F0C242D9-E20F-4E4F-A218-DF4CA3B1CB7F}.Release|Any CPU.ActiveCfg = Release|Any CPU
		{F0C242D9-E20F-4E4F-A218-DF4CA3B1CB7F}.Release|Any CPU.Build.0 = Release|Any CPU
		{E4F74B90-58B8-417F-A8FF-2A6DD2404757}.Debug|Any CPU.ActiveCfg = Debug|Any CPU
		{E4F74B90-58B8-417F-A8FF-2A6DD2404757}.Debug|Any CPU.Build.0 = Debug|Any CPU
		{E4F74B90-58B8-417F-A8FF-2A6DD2404757}.Release|Any CPU.ActiveCfg = Release|Any CPU
		{E4F74B90-58B8-417F-A8FF-2A6DD2404757}.Release|Any CPU.Build.0 = Release|Any CPU
	EndGlobalSection
	GlobalSection(SolutionProperties) = preSolution
		HideSolutionNode = FALSE
	EndGlobalSection
	GlobalSection(ExtensibilityGlobals) = postSolution
		SolutionGuid = {F351457B-BD82-4509-BF07-A304681E4DEE}
	EndGlobalSection
EndGlobal
